
Microsoft Visual Studio Solution File, Format Version 12.00
# Visual Studio Version 16
VisualStudioVersion = 16.0.29926.136
MinimumVisualStudioVersion = 10.0.40219.1
Project("{FAE04EC0-301F-11D3-BF4B-00C04F79EFBC}") = "AlnasserCompiler8", "AlnasserCompiler8\AlnasserCompiler8.csproj", "{CA6A07B1-834A-4C3D-958F-D2EC5113FC28}"
EndProject
Global
	GlobalSection(SolutionConfigurationPlatforms) = preSolution
		Debug|Any CPU = Debug|Any CPU
		Release|Any CPU = Release|Any CPU
	EndGlobalSection
	GlobalSection(ProjectConfigurationPlatforms) = postSolution
		{CA6A07B1-834A-4C3D-958F-D2EC5113FC28}.Debug|Any CPU.ActiveCfg = Debug|Any CPU
		{CA6A07B1-834A-4C3D-958F-D2EC5113FC28}.Debug|Any CPU.Build.0 = Debug|Any CPU
		{CA6A07B1-834A-4C3D-958F-D2EC5113FC28}.Release|Any CPU.ActiveCfg = Release|Any CPU
		{CA6A07B1-834A-4C3D-958F-D2EC5113FC28}.Release|Any CPU.Build.0 = Release|Any CPU
	EndGlobalSection
	GlobalSection(SolutionProperties) = preSolution
		HideSolutionNode = FALSE
	EndGlobalSection
	GlobalSection(ExtensibilityGlobals) = postSolution
		SolutionGuid = {D133853C-E649-40B5-87F3-AE93DFB20D99}
	EndGlobalSection
EndGlobal
